
Microsoft Visual Studio Solution File, Format Version 12.00
# Visual Studio Version 17
VisualStudioVersion = 17.4.33205.214
MinimumVisualStudioVersion = 10.0.40219.1
Project("{8BC9CEB8-8B4A-11D0-8D11-00A0C91BC942}") = "1546", "CodeTest.vcxproj", "{D5C88C44-3CDF-4FFC-A715-69FC7DD1C48B}"
EndProject
Project("{8BC9CEB8-8B4A-11D0-8D11-00A0C91BC942}") = "11659", "11659\11659.vcxproj", "{98A68E64-8AB1-4008-9C1C-3312BCF45BFA}"
EndProject
Project("{8BC9CEB8-8B4A-11D0-8D11-00A0C91BC942}") = "10986", "10986\10986.vcxproj", "{494A4AE3-6E99-41F3-BF28-EE3FBFF0C3D0}"
EndProject
Project("{8BC9CEB8-8B4A-11D0-8D11-00A0C91BC942}") = "2018", "2018\2018.vcxproj", "{846D067D-FE3A-4F58-B1FE-75B94BC52111}"
EndProject
Project("{8BC9CEB8-8B4A-11D0-8D11-00A0C91BC942}") = "1940", "1940\1940.vcxproj", "{97D7A8F6-101E-488F-85A8-E7FF51498DDC}"
EndProject
Project("{8BC9CEB8-8B4A-11D0-8D11-00A0C91BC942}") = "1253", "1253\1253.vcxproj", "{3EFFD4E6-7F6C-49F2-BA42-676EDBCA7633}"
EndProject
Project("{8BC9CEB8-8B4A-11D0-8D11-00A0C91BC942}") = "1874", "1874\1874.vcxproj", "{A7780A15-8477-4E1E-B34A-320299338A6B}"
EndProject
Project("{8BC9CEB8-8B4A-11D0-8D11-00A0C91BC942}") = "2530", "2530\2530.vcxproj", "{DE270732-17E5-470C-9044-9EE9C8397AAA}"
EndProject
Project("{8BC9CEB8-8B4A-11D0-8D11-00A0C91BC942}") = "2164", "2164\2164.vcxproj", "{AFDFDB85-6DF9-46B3-9F81-F6E1E48A4750}"
EndProject
Project("{8BC9CEB8-8B4A-11D0-8D11-00A0C91BC942}") = "11286", "11286\11286.vcxproj", "{26400A20-883E-431E-A9ED-9E76B8E79EF1}"
EndProject
Project("{8BC9CEB8-8B4A-11D0-8D11-00A0C91BC942}") = "2750", "2750\2750.vcxproj", "{C9E4C186-3044-4C03-865E-BD91BCC7613B}"
EndProject
Project("{8BC9CEB8-8B4A-11D0-8D11-00A0C91BC942}") = "10430", "10430\10430.vcxproj", "{5AFC3064-1F19-4707-800D-142A17A29BB6}"
EndProject
Project("{8BC9CEB8-8B4A-11D0-8D11-00A0C91BC942}") = "1377", "1377\1377\1377.vcxproj", "{78AB54DE-10B2-4113-948A-B240DA1C2034}"
EndProject
Project("{8BC9CEB8-8B4A-11D0-8D11-00A0C91BC942}") = "11399", "11399\11399.vcxproj", "{781F5F55-1E7F-4F7E-9162-E8361A45A23C}"
EndProject
Project("{8BC9CEB8-8B4A-11D0-8D11-00A0C91BC942}") = "11004", "11004\11004.vcxproj", "{895D396F-0281-49F9-AAED-E0B104321FED}"
EndProject
Project("{8BC9CEB8-8B4A-11D0-8D11-00A0C91BC942}") = "11004_Answer", "11004_Answer\11004_Answer.vcxproj", "{B3E4434F-A482-4480-9F4F-929D57FD46C9}"
EndProject
Project("{8BC9CEB8-8B4A-11D0-8D11-00A0C91BC942}") = "11003", "11003\11003.vcxproj", "{7177280E-14DC-4CAA-AEF2-760C452BDDF6}"
EndProject
Global
	GlobalSection(SolutionConfigurationPlatforms) = preSolution
		Debug|x64 = Debug|x64
		Debug|x86 = Debug|x86
		Release|x64 = Release|x64
		Release|x86 = Release|x86
	EndGlobalSection
	GlobalSection(ProjectConfigurationPlatforms) = postSolution
		{D5C88C44-3CDF-4FFC-A715-69FC7DD1C48B}.Debug|x64.ActiveCfg = Debug|x64
		{D5C88C44-3CDF-4FFC-A715-69FC7DD1C48B}.Debug|x64.Build.0 = Debug|x64
		{D5C88C44-3CDF-4FFC-A715-69FC7DD1C48B}.Debug|x86.ActiveCfg = Debug|Win32
		{D5C88C44-3CDF-4FFC-A715-69FC7DD1C48B}.Debug|x86.Build.0 = Debug|Win32
		{D5C88C44-3CDF-4FFC-A715-69FC7DD1C48B}.Release|x64.ActiveCfg = Release|x64
		{D5C88C44-3CDF-4FFC-A715-69FC7DD1C48B}.Release|x64.Build.0 = Release|x64
		{D5C88C44-3CDF-4FFC-A715-69FC7DD1C48B}.Release|x86.ActiveCfg = Release|Win32
		{D5C88C44-3CDF-4FFC-A715-69FC7DD1C48B}.Release|x86.Build.0 = Release|Win32
		{98A68E64-8AB1-4008-9C1C-3312BCF45BFA}.Debug|x64.ActiveCfg = Debug|x64
		{98A68E64-8AB1-4008-9C1C-3312BCF45BFA}.Debug|x64.Build.0 = Debug|x64
		{98A68E64-8AB1-4008-9C1C-3312BCF45BFA}.Debug|x86.ActiveCfg = Debug|Win32
		{98A68E64-8AB1-4008-9C1C-3312BCF45BFA}.Debug|x86.Build.0 = Debug|Win32
		{98A68E64-8AB1-4008-9C1C-3312BCF45BFA}.Release|x64.ActiveCfg = Release|x64
		{98A68E64-8AB1-4008-9C1C-3312BCF45BFA}.Release|x64.Build.0 = Release|x64
		{98A68E64-8AB1-4008-9C1C-3312BCF45BFA}.Release|x86.ActiveCfg = Release|Win32
		{98A68E64-8AB1-4008-9C1C-3312BCF45BFA}.Release|x86.Build.0 = Release|Win32
		{494A4AE3-6E99-41F3-BF28-EE3FBFF0C3D0}.Debug|x64.ActiveCfg = Debug|x64
		{494A4AE3-6E99-41F3-BF28-EE3FBFF0C3D0}.Debug|x64.Build.0 = Debug|x64
		{494A4AE3-6E99-41F3-BF28-EE3FBFF0C3D0}.Debug|x86.ActiveCfg = Debug|Win32
		{494A4AE3-6E99-41F3-BF28-EE3FBFF0C3D0}.Debug|x86.Build.0 = Debug|Win32
		{494A4AE3-6E99-41F3-BF28-EE3FBFF0C3D0}.Release|x64.ActiveCfg = Release|x64
		{494A4AE3-6E99-41F3-BF28-EE3FBFF0C3D0}.Release|x64.Build.0 = Release|x64
		{494A4AE3-6E99-41F3-BF28-EE3FBFF0C3D0}.Release|x86.ActiveCfg = Release|Win32
		{494A4AE3-6E99-41F3-BF28-EE3FBFF0C3D0}.Release|x86.Build.0 = Release|Win32
		{846D067D-FE3A-4F58-B1FE-75B94BC52111}.Debug|x64.ActiveCfg = Debug|x64
		{846D067D-FE3A-4F58-B1FE-75B94BC52111}.Debug|x64.Build.0 = Debug|x64
		{846D067D-FE3A-4F58-B1FE-75B94BC52111}.Debug|x86.ActiveCfg = Debug|Win32
		{846D067D-FE3A-4F58-B1FE-75B94BC52111}.Debug|x86.Build.0 = Debug|Win32
		{846D067D-FE3A-4F58-B1FE-75B94BC52111}.Release|x64.ActiveCfg = Release|x64
		{846D067D-FE3A-4F58-B1FE-75B94BC52111}.Release|x64.Build.0 = Release|x64
		{846D067D-FE3A-4F58-B1FE-75B94BC52111}.Release|x86.ActiveCfg = Release|Win32
		{846D067D-FE3A-4F58-B1FE-75B94BC52111}.Release|x86.Build.0 = Release|Win32
		{97D7A8F6-101E-488F-85A8-E7FF51498DDC}.Debug|x64.ActiveCfg = Debug|x64
		{97D7A8F6-101E-488F-85A8-E7FF51498DDC}.Debug|x64.Build.0 = Debug|x64
		{97D7A8F6-101E-488F-85A8-E7FF51498DDC}.Debug|x86.ActiveCfg = Debug|Win32
		{97D7A8F6-101E-488F-85A8-E7FF51498DDC}.Debug|x86.Build.0 = Debug|Win32
		{97D7A8F6-101E-488F-85A8-E7FF51498DDC}.Release|x64.ActiveCfg = Release|x64
		{97D7A8F6-101E-488F-85A8-E7FF51498DDC}.Release|x64.Build.0 = Release|x64
		{97D7A8F6-101E-488F-85A8-E7FF51498DDC}.Release|x86.ActiveCfg = Release|Win32
		{97D7A8F6-101E-488F-85A8-E7FF51498DDC}.Release|x86.Build.0 = Release|Win32
		{3EFFD4E6-7F6C-49F2-BA42-676EDBCA7633}.Debug|x64.ActiveCfg = Debug|x64
		{3EFFD4E6-7F6C-49F2-BA42-676EDBCA7633}.Debug|x64.Build.0 = Debug|x64
		{3EFFD4E6-7F6C-49F2-BA42-676EDBCA7633}.Debug|x86.ActiveCfg = Debug|Win32
		{3EFFD4E6-7F6C-49F2-BA42-676EDBCA7633}.Debug|x86.Build.0 = Debug|Win32
		{3EFFD4E6-7F6C-49F2-BA42-676EDBCA7633}.Release|x64.ActiveCfg = Release|x64
		{3EFFD4E6-7F6C-49F2-BA42-676EDBCA7633}.Release|x64.Build.0 = Release|x64
		{3EFFD4E6-7F6C-49F2-BA42-676EDBCA7633}.Release|x86.ActiveCfg = Release|Win32
		{3EFFD4E6-7F6C-49F2-BA42-676EDBCA7633}.Release|x86.Build.0 = Release|Win32
		{A7780A15-8477-4E1E-B34A-320299338A6B}.Debug|x64.ActiveCfg = Debug|x64
		{A7780A15-8477-4E1E-B34A-320299338A6B}.Debug|x64.Build.0 = Debug|x64
		{A7780A15-8477-4E1E-B34A-320299338A6B}.Debug|x86.ActiveCfg = Debug|Win32
		{A7780A15-8477-4E1E-B34A-320299338A6B}.Debug|x86.Build.0 = Debug|Win32
		{A7780A15-8477-4E1E-B34A-320299338A6B}.Release|x64.ActiveCfg = Release|x64
		{A7780A15-8477-4E1E-B34A-320299338A6B}.Release|x64.Build.0 = Release|x64
		{A7780A15-8477-4E1E-B34A-320299338A6B}.Release|x86.ActiveCfg = Release|Win32
		{A7780A15-8477-4E1E-B34A-320299338A6B}.Release|x86.Build.0 = Release|Win32
		{DE270732-17E5-470C-9044-9EE9C8397AAA}.Debug|x64.ActiveCfg = Debug|x64
		{DE270732-17E5-470C-9044-9EE9C8397AAA}.Debug|x64.Build.0 = Debug|x64
		{DE270732-17E5-470C-9044-9EE9C8397AAA}.Debug|x86.ActiveCfg = Debug|Win32
		{DE270732-17E5-470C-9044-9EE9C8397AAA}.Debug|x86.Build.0 = Debug|Win32
		{DE270732-17E5-470C-9044-9EE9C8397AAA}.Release|x64.ActiveCfg = Release|x64
		{DE270732-17E5-470C-9044-9EE9C8397AAA}.Release|x64.Build.0 = Release|x64
		{DE270732-17E5-470C-9044-9EE9C8397AAA}.Release|x86.ActiveCfg = Release|Win32
		{DE270732-17E5-470C-9044-9EE9C8397AAA}.Release|x86.Build.0 = Release|Win32
		{AFDFDB85-6DF9-46B3-9F81-F6E1E48A4750}.Debug|x64.ActiveCfg = Debug|x64
		{AFDFDB85-6DF9-46B3-9F81-F6E1E48A4750}.Debug|x64.Build.0 = Debug|x64
		{AFDFDB85-6DF9-46B3-9F81-F6E1E48A4750}.Debug|x86.ActiveCfg = Debug|Win32
		{AFDFDB85-6DF9-46B3-9F81-F6E1E48A4750}.Debug|x86.Build.0 = Debug|Win32
		{AFDFDB85-6DF9-46B3-9F81-F6E1E48A4750}.Release|x64.ActiveCfg = Release|x64
		{AFDFDB85-6DF9-46B3-9F81-F6E1E48A4750}.Release|x64.Build.0 = Release|x64
		{AFDFDB85-6DF9-46B3-9F81-F6E1E48A4750}.Release|x86.ActiveCfg = Release|Win32
		{AFDFDB85-6DF9-46B3-9F81-F6E1E48A4750}.Release|x86.Build.0 = Release|Win32
		{26400A20-883E-431E-A9ED-9E76B8E79EF1}.Debug|x64.ActiveCfg = Debug|x64
		{26400A20-883E-431E-A9ED-9E76B8E79EF1}.Debug|x64.Build.0 = Debug|x64
		{26400A20-883E-431E-A9ED-9E76B8E79EF1}.Debug|x86.ActiveCfg = Debug|Win32
		{26400A20-883E-431E-A9ED-9E76B8E79EF1}.Debug|x86.Build.0 = Debug|Win32
		{26400A20-883E-431E-A9ED-9E76B8E79EF1}.Release|x64.ActiveCfg = Release|x64
		{26400A20-883E-431E-A9ED-9E76B8E79EF1}.Release|x64.Build.0 = Release|x64
		{26400A20-883E-431E-A9ED-9E76B8E79EF1}.Release|x86.ActiveCfg = Release|Win32
		{26400A20-883E-431E-A9ED-9E76B8E79EF1}.Release|x86.Build.0 = Release|Win32
		{C9E4C186-3044-4C03-865E-BD91BCC7613B}.Debug|x64.ActiveCfg = Debug|x64
		{C9E4C186-3044-4C03-865E-BD91BCC7613B}.Debug|x64.Build.0 = Debug|x64
		{C9E4C186-3044-4C03-865E-BD91BCC7613B}.Debug|x86.ActiveCfg = Debug|Win32
		{C9E4C186-3044-4C03-865E-BD91BCC7613B}.Debug|x86.Build.0 = Debug|Win32
		{C9E4C186-3044-4C03-865E-BD91BCC7613B}.Release|x64.ActiveCfg = Release|x64
		{C9E4C186-3044-4C03-865E-BD91BCC7613B}.Release|x64.Build.0 = Release|x64
		{C9E4C186-3044-4C03-865E-BD91BCC7613B}.Release|x86.ActiveCfg = Release|Win32
		{C9E4C186-3044-4C03-865E-BD91BCC7613B}.Release|x86.Build.0 = Release|Win32
		{5AFC3064-1F19-4707-800D-142A17A29BB6}.Debug|x64.ActiveCfg = Debug|x64
		{5AFC3064-1F19-4707-800D-142A17A29BB6}.Debug|x64.Build.0 = Debug|x64
		{5AFC3064-1F19-4707-800D-142A17A29BB6}.Debug|x86.ActiveCfg = Debug|Win32
		{5AFC3064-1F19-4707-800D-142A17A29BB6}.Debug|x86.Build.0 = Debug|Win32
		{5AFC3064-1F19-4707-800D-142A17A29BB6}.Release|x64.ActiveCfg = Release|x64
		{5AFC3064-1F19-4707-800D-142A17A29BB6}.Release|x64.Build.0 = Release|x64
		{5AFC3064-1F19-4707-800D-142A17A29BB6}.Release|x86.ActiveCfg = Release|Win32
		{5AFC3064-1F19-4707-800D-142A17A29BB6}.Release|x86.Build.0 = Release|Win32
		{78AB54DE-10B2-4113-948A-B240DA1C2034}.Debug|x64.ActiveCfg = Debug|x64
		{78AB54DE-10B2-4113-948A-B240DA1C2034}.Debug|x64.Build.0 = Debug|x64
		{78AB54DE-10B2-4113-948A-B240DA1C2034}.Debug|x86.ActiveCfg = Debug|Win32
		{78AB54DE-10B2-4113-948A-B240DA1C2034}.Debug|x86.Build.0 = Debug|Win32
		{78AB54DE-10B2-4113-948A-B240DA1C2034}.Release|x64.ActiveCfg = Release|x64
		{78AB54DE-10B2-4113-948A-B240DA1C2034}.Release|x64.Build.0 = Release|x64
		{78AB54DE-10B2-4113-948A-B240DA1C2034}.Release|x86.ActiveCfg = Release|Win32
		{78AB54DE-10B2-4113-948A-B240DA1C2034}.Release|x86.Build.0 = Release|Win32
		{781F5F55-1E7F-4F7E-9162-E8361A45A23C}.Debug|x64.ActiveCfg = Debug|x64
		{781F5F55-1E7F-4F7E-9162-E8361A45A23C}.Debug|x64.Build.0 = Debug|x64
		{781F5F55-1E7F-4F7E-9162-E8361A45A23C}.Debug|x86.ActiveCfg = Debug|Win32
		{781F5F55-1E7F-4F7E-9162-E8361A45A23C}.Debug|x86.Build.0 = Debug|Win32
		{781F5F55-1E7F-4F7E-9162-E8361A45A23C}.Release|x64.ActiveCfg = Release|x64
		{781F5F55-1E7F-4F7E-9162-E8361A45A23C}.Release|x64.Build.0 = Release|x64
		{781F5F55-1E7F-4F7E-9162-E8361A45A23C}.Release|x86.ActiveCfg = Release|Win32
		{781F5F55-1E7F-4F7E-9162-E8361A45A23C}.Release|x86.Build.0 = Release|Win32
		{895D396F-0281-49F9-AAED-E0B104321FED}.Debug|x64.ActiveCfg = Debug|x64
		{895D396F-0281-49F9-AAED-E0B104321FED}.Debug|x64.Build.0 = Debug|x64
		{895D396F-0281-49F9-AAED-E0B104321FED}.Debug|x86.ActiveCfg = Debug|Win32
		{895D396F-0281-49F9-AAED-E0B104321FED}.Debug|x86.Build.0 = Debug|Win32
		{895D396F-0281-49F9-AAED-E0B104321FED}.Release|x64.ActiveCfg = Release|x64
		{895D396F-0281-49F9-AAED-E0B104321FED}.Release|x64.Build.0 = Release|x64
		{895D396F-0281-49F9-AAED-E0B104321FED}.Release|x86.ActiveCfg = Release|Win32
		{895D396F-0281-49F9-AAED-E0B104321FED}.Release|x86.Build.0 = Release|Win32
		{B3E4434F-A482-4480-9F4F-929D57FD46C9}.Debug|x64.ActiveCfg = Debug|x64
		{B3E4434F-A482-4480-9F4F-929D57FD46C9}.Debug|x64.Build.0 = Debug|x64
		{B3E4434F-A482-4480-9F4F-929D57FD46C9}.Debug|x86.ActiveCfg = Debug|Win32
		{B3E4434F-A482-4480-9F4F-929D57FD46C9}.Debug|x86.Build.0 = Debug|Win32
		{B3E4434F-A482-4480-9F4F-929D57FD46C9}.Release|x64.ActiveCfg = Release|x64
		{B3E4434F-A482-4480-9F4F-929D57FD46C9}.Release|x64.Build.0 = Release|x64
		{B3E4434F-A482-4480-9F4F-929D57FD46C9}.Release|x86.ActiveCfg = Release|Win32
		{B3E4434F-A482-4480-9F4F-929D57FD46C9}.Release|x86.Build.0 = Release|Win32
		{7177280E-14DC-4CAA-AEF2-760C452BDDF6}.Debug|x64.ActiveCfg = Debug|x64
		{7177280E-14DC-4CAA-AEF2-760C452BDDF6}.Debug|x64.Build.0 = Debug|x64
		{7177280E-14DC-4CAA-AEF2-760C452BDDF6}.Debug|x86.ActiveCfg = Debug|Win32
		{7177280E-14DC-4CAA-AEF2-760C452BDDF6}.Debug|x86.Build.0 = Debug|Win32
		{7177280E-14DC-4CAA-AEF2-760C452BDDF6}.Release|x64.ActiveCfg = Release|x64
		{7177280E-14DC-4CAA-AEF2-760C452BDDF6}.Release|x64.Build.0 = Release|x64
		{7177280E-14DC-4CAA-AEF2-760C452BDDF6}.Release|x86.ActiveCfg = Release|Win32
		{7177280E-14DC-4CAA-AEF2-760C452BDDF6}.Release|x86.Build.0 = Release|Win32
	EndGlobalSection
	GlobalSection(SolutionProperties) = preSolution
		HideSolutionNode = FALSE
	EndGlobalSection
	GlobalSection(ExtensibilityGlobals) = postSolution
		SolutionGuid = {D1F6DBFD-1351-4FD2-915C-0F05D308528D}
	EndGlobalSection
EndGlobal
