
Microsoft Visual Studio Solution File, Format Version 12.00
# Visual Studio Version 17
VisualStudioVersion = 17.4.33205.214
MinimumVisualStudioVersion = 10.0.40219.1
Project("{8BC9CEB8-8B4A-11D0-8D11-00A0C91BC942}") = "11659", "11659\11659.vcxproj", "{98A68E64-8AB1-4008-9C1C-3312BCF45BFA}"
EndProject
Project("{8BC9CEB8-8B4A-11D0-8D11-00A0C91BC942}") = "10986", "10986\10986.vcxproj", "{494A4AE3-6E99-41F3-BF28-EE3FBFF0C3D0}"
EndProject
Project("{8BC9CEB8-8B4A-11D0-8D11-00A0C91BC942}") = "2018", "2018\2018.vcxproj", "{846D067D-FE3A-4F58-B1FE-75B94BC52111}"
EndProject
Project("{8BC9CEB8-8B4A-11D0-8D11-00A0C91BC942}") = "1940", "1940\1940.vcxproj", "{97D7A8F6-101E-488F-85A8-E7FF51498DDC}"
EndProject
Project("{8BC9CEB8-8B4A-11D0-8D11-00A0C91BC942}") = "1253", "1253\1253.vcxproj", "{3EFFD4E6-7F6C-49F2-BA42-676EDBCA7633}"
EndProject
Project("{8BC9CEB8-8B4A-11D0-8D11-00A0C91BC942}") = "1874", "1874\1874.vcxproj", "{A7780A15-8477-4E1E-B34A-320299338A6B}"
EndProject
Project("{8BC9CEB8-8B4A-11D0-8D11-00A0C91BC942}") = "2530", "2530\2530.vcxproj", "{DE270732-17E5-470C-9044-9EE9C8397AAA}"
EndProject
Project("{8BC9CEB8-8B4A-11D0-8D11-00A0C91BC942}") = "2164", "2164\2164.vcxproj", "{AFDFDB85-6DF9-46B3-9F81-F6E1E48A4750}"
EndProject
Project("{8BC9CEB8-8B4A-11D0-8D11-00A0C91BC942}") = "11286", "11286\11286.vcxproj", "{26400A20-883E-431E-A9ED-9E76B8E79EF1}"
EndProject
Project("{8BC9CEB8-8B4A-11D0-8D11-00A0C91BC942}") = "2750", "2750\2750.vcxproj", "{C9E4C186-3044-4C03-865E-BD91BCC7613B}"
EndProject
Project("{8BC9CEB8-8B4A-11D0-8D11-00A0C91BC942}") = "10430", "10430\10430.vcxproj", "{5AFC3064-1F19-4707-800D-142A17A29BB6}"
EndProject
Project("{8BC9CEB8-8B4A-11D0-8D11-00A0C91BC942}") = "1377", "1377\1377\1377.vcxproj", "{78AB54DE-10B2-4113-948A-B240DA1C2034}"
EndProject
Project("{8BC9CEB8-8B4A-11D0-8D11-00A0C91BC942}") = "11399", "11399\11399.vcxproj", "{781F5F55-1E7F-4F7E-9162-E8361A45A23C}"
EndProject
Project("{8BC9CEB8-8B4A-11D0-8D11-00A0C91BC942}") = "11004", "11004\11004.vcxproj", "{895D396F-0281-49F9-AAED-E0B104321FED}"
EndProject
Project("{8BC9CEB8-8B4A-11D0-8D11-00A0C91BC942}") = "11004_Answer", "11004_Answer\11004_Answer.vcxproj", "{B3E4434F-A482-4480-9F4F-929D57FD46C9}"
EndProject
Project("{8BC9CEB8-8B4A-11D0-8D11-00A0C91BC942}") = "11003", "11003\11003.vcxproj", "{7177280E-14DC-4CAA-AEF2-760C452BDDF6}"
EndProject
Project("{8BC9CEB8-8B4A-11D0-8D11-00A0C91BC942}") = "1546", "1546\CodeTest.vcxproj", "{D5C88C44-3CDF-4FFC-A715-69FC7DD1C48B}"
EndProject
Project("{8BC9CEB8-8B4A-11D0-8D11-00A0C91BC942}") = "11720", "11720\11720\11720.vcxproj", "{F626D52A-08FF-42A3-B8A7-EFB05AF4909F}"
EndProject
Project("{8BC9CEB8-8B4A-11D0-8D11-00A0C91BC942}") = "2751", "2751\2751\2751.vcxproj", "{76B20094-8EC7-44B6-8BFE-7C8F8325F171}"
EndProject
Project("{8BC9CEB8-8B4A-11D0-8D11-00A0C91BC942}") = "10989", "10989\10989.vcxproj", "{C60F359B-C4D3-46EF-8AD8-FFEA00E753FE}"
EndProject
Project("{8BC9CEB8-8B4A-11D0-8D11-00A0C91BC942}") = "10093", "10093\10093.vcxproj", "{9E29EB75-3573-4F4A-B5F6-66BB75B70B85}"
EndProject
Project("{8BC9CEB8-8B4A-11D0-8D11-00A0C91BC942}") = "1517", "1517\1517.vcxproj", "{64ADF808-1E49-4FA2-8A6F-8E32AA144DBB}"
EndProject
Project("{8BC9CEB8-8B4A-11D0-8D11-00A0C91BC942}") = "11724", "11724\11724.vcxproj", "{D42D821A-DE56-47C7-9A6F-F2EB9EC85C41}"
EndProject
Project("{8BC9CEB8-8B4A-11D0-8D11-00A0C91BC942}") = "2023", "2023\2023.vcxproj", "{F34273B2-AF3A-4671-8C91-69AF55713269}"
EndProject
Project("{8BC9CEB8-8B4A-11D0-8D11-00A0C91BC942}") = "10170", "10170\10170.vcxproj", "{087564AB-FCAE-4926-9FDD-9AC4745E4CA3}"
EndProject
Project("{8BC9CEB8-8B4A-11D0-8D11-00A0C91BC942}") = "1032", "1032\1032.vcxproj", "{027C5CDE-5339-4E2A-AF48-544C71594D2B}"
EndProject
Project("{8BC9CEB8-8B4A-11D0-8D11-00A0C91BC942}") = "18108", "18108\18108.vcxproj", "{94D891F1-4D9E-4C09-B1DC-2D244F017840}"
EndProject
Project("{8BC9CEB8-8B4A-11D0-8D11-00A0C91BC942}") = "2845", "2845\2845.vcxproj", "{B8F13808-4D77-4EE8-8F78-8EECF6F4F869}"
EndProject
Project("{8BC9CEB8-8B4A-11D0-8D11-00A0C91BC942}") = "3003", "3003\3003.vcxproj", "{DE040872-370F-42E8-BE1B-0FE29C58C9C9}"
EndProject
Project("{8BC9CEB8-8B4A-11D0-8D11-00A0C91BC942}") = "5522", "5522\5522.vcxproj", "{6D3B0F80-0F6F-43D9-98AA-9C209D69450B}"
EndProject
Project("{8BC9CEB8-8B4A-11D0-8D11-00A0C91BC942}") = "2743", "2743\2743.vcxproj", "{D654D9A4-CAE4-4E49-B323-F61954868814}"
EndProject
Project("{8BC9CEB8-8B4A-11D0-8D11-00A0C91BC942}") = "1225", "1225\1225.vcxproj", "{9283763C-07DD-432F-BE71-618D4F7DD821}"
EndProject
Project("{8BC9CEB8-8B4A-11D0-8D11-00A0C91BC942}") = "2506", "2506\2506.vcxproj", "{6179F594-B3C8-46B9-93BD-C2966CD6BD34}"
EndProject
Project("{8BC9CEB8-8B4A-11D0-8D11-00A0C91BC942}") = "4470", "4470\4470.vcxproj", "{6A2D7400-2410-4743-A8CE-71A387818C3E}"
EndProject
Project("{8BC9CEB8-8B4A-11D0-8D11-00A0C91BC942}") = "1158", "1158\1158.vcxproj", "{C7E3F57E-3265-4E63-9D4A-6F634E4382C4}"
EndProject
Project("{8BC9CEB8-8B4A-11D0-8D11-00A0C91BC942}") = "_TestCase", "_TestCase\_TestCase.vcxproj", "{B65DFCF1-6A50-44BB-B0AC-6F8103754A16}"
EndProject
Project("{8BC9CEB8-8B4A-11D0-8D11-00A0C91BC942}") = "5532", "5532\5532.vcxproj", "{A0B75314-C72C-4174-B506-DCB151B51D92}"
EndProject
Project("{8BC9CEB8-8B4A-11D0-8D11-00A0C91BC942}") = "1260", "1260\1260.vcxproj", "{9FD42331-6168-4288-AA4B-CB1BC7620B0F}"
EndProject
Project("{8BC9CEB8-8B4A-11D0-8D11-00A0C91BC942}") = "BackBigNumber", "BackBigNumber\BackBigNumber.vcxproj", "{F3413BBF-4FA2-4B8E-830E-B85D645F2648}"
EndProject
Project("{8BC9CEB8-8B4A-11D0-8D11-00A0C91BC942}") = "TargetNumber", "TargetNumber\TargetNumber.vcxproj", "{FB94A3F4-E57E-42C1-AB18-6374ACD0F72B}"
EndProject
Project("{8BC9CEB8-8B4A-11D0-8D11-00A0C91BC942}") = "2178", "2178\2178.vcxproj", "{502BBEB8-8582-413D-903F-93C5A8FF2CD2}"
EndProject
Project("{8BC9CEB8-8B4A-11D0-8D11-00A0C91BC942}") = "GameMapRoute", "GameMapRoute\GameMapRoute.vcxproj", "{898ED1A6-C828-4957-8E41-C9CA8C56DF9A}"
EndProject
Project("{8BC9CEB8-8B4A-11D0-8D11-00A0C91BC942}") = "1167", "1167\1167.vcxproj", "{8900F28A-1983-4166-B710-41ED8F9D85CE}"
EndProject
Project("{8BC9CEB8-8B4A-11D0-8D11-00A0C91BC942}") = "11660", "11660\11660.vcxproj", "{27DDBCA5-C1BE-4F6C-85F1-B78221230071}"
EndProject
Project("{8BC9CEB8-8B4A-11D0-8D11-00A0C91BC942}") = "BridgeTruck", "BridgeTruck\BridgeTruck.vcxproj", "{18F629C4-3577-4BE9-AF53-7D505391C065}"
EndProject
Project("{8BC9CEB8-8B4A-11D0-8D11-00A0C91BC942}") = "1920", "1920\1920.vcxproj", "{D15A2345-2305-4F0C-A38A-7C4AEC459B8B}"
EndProject
Project("{8BC9CEB8-8B4A-11D0-8D11-00A0C91BC942}") = "11047", "11047\11047.vcxproj", "{B62C8F5C-702D-4740-B719-6995563A8654}"
EndProject
Project("{8BC9CEB8-8B4A-11D0-8D11-00A0C91BC942}") = "1929", "1929\1929.vcxproj", "{FE5141CE-DEDB-4C87-AFB1-7B3DE7170034}"
EndProject
Project("{8BC9CEB8-8B4A-11D0-8D11-00A0C91BC942}") = "MakeBigNumber", "MakeBigNumber\MakeBigNumber.vcxproj", "{8EE6010F-2866-401A-AC49-FD2D9D53E74E}"
EndProject
Global
	GlobalSection(SolutionConfigurationPlatforms) = preSolution
		Debug|x64 = Debug|x64
		Debug|x86 = Debug|x86
		Release|x64 = Release|x64
		Release|x86 = Release|x86
	EndGlobalSection
	GlobalSection(ProjectConfigurationPlatforms) = postSolution
		{98A68E64-8AB1-4008-9C1C-3312BCF45BFA}.Debug|x64.ActiveCfg = Debug|x64
		{98A68E64-8AB1-4008-9C1C-3312BCF45BFA}.Debug|x64.Build.0 = Debug|x64
		{98A68E64-8AB1-4008-9C1C-3312BCF45BFA}.Debug|x86.ActiveCfg = Debug|Win32
		{98A68E64-8AB1-4008-9C1C-3312BCF45BFA}.Debug|x86.Build.0 = Debug|Win32
		{98A68E64-8AB1-4008-9C1C-3312BCF45BFA}.Release|x64.ActiveCfg = Release|x64
		{98A68E64-8AB1-4008-9C1C-3312BCF45BFA}.Release|x64.Build.0 = Release|x64
		{98A68E64-8AB1-4008-9C1C-3312BCF45BFA}.Release|x86.ActiveCfg = Release|Win32
		{98A68E64-8AB1-4008-9C1C-3312BCF45BFA}.Release|x86.Build.0 = Release|Win32
		{494A4AE3-6E99-41F3-BF28-EE3FBFF0C3D0}.Debug|x64.ActiveCfg = Debug|x64
		{494A4AE3-6E99-41F3-BF28-EE3FBFF0C3D0}.Debug|x64.Build.0 = Debug|x64
		{494A4AE3-6E99-41F3-BF28-EE3FBFF0C3D0}.Debug|x86.ActiveCfg = Debug|Win32
		{494A4AE3-6E99-41F3-BF28-EE3FBFF0C3D0}.Debug|x86.Build.0 = Debug|Win32
		{494A4AE3-6E99-41F3-BF28-EE3FBFF0C3D0}.Release|x64.ActiveCfg = Release|x64
		{494A4AE3-6E99-41F3-BF28-EE3FBFF0C3D0}.Release|x64.Build.0 = Release|x64
		{494A4AE3-6E99-41F3-BF28-EE3FBFF0C3D0}.Release|x86.ActiveCfg = Release|Win32
		{494A4AE3-6E99-41F3-BF28-EE3FBFF0C3D0}.Release|x86.Build.0 = Release|Win32
		{846D067D-FE3A-4F58-B1FE-75B94BC52111}.Debug|x64.ActiveCfg = Debug|x64
		{846D067D-FE3A-4F58-B1FE-75B94BC52111}.Debug|x64.Build.0 = Debug|x64
		{846D067D-FE3A-4F58-B1FE-75B94BC52111}.Debug|x86.ActiveCfg = Debug|Win32
		{846D067D-FE3A-4F58-B1FE-75B94BC52111}.Debug|x86.Build.0 = Debug|Win32
		{846D067D-FE3A-4F58-B1FE-75B94BC52111}.Release|x64.ActiveCfg = Release|x64
		{846D067D-FE3A-4F58-B1FE-75B94BC52111}.Release|x64.Build.0 = Release|x64
		{846D067D-FE3A-4F58-B1FE-75B94BC52111}.Release|x86.ActiveCfg = Release|Win32
		{846D067D-FE3A-4F58-B1FE-75B94BC52111}.Release|x86.Build.0 = Release|Win32
		{97D7A8F6-101E-488F-85A8-E7FF51498DDC}.Debug|x64.ActiveCfg = Debug|x64
		{97D7A8F6-101E-488F-85A8-E7FF51498DDC}.Debug|x64.Build.0 = Debug|x64
		{97D7A8F6-101E-488F-85A8-E7FF51498DDC}.Debug|x86.ActiveCfg = Debug|Win32
		{97D7A8F6-101E-488F-85A8-E7FF51498DDC}.Debug|x86.Build.0 = Debug|Win32
		{97D7A8F6-101E-488F-85A8-E7FF51498DDC}.Release|x64.ActiveCfg = Release|x64
		{97D7A8F6-101E-488F-85A8-E7FF51498DDC}.Release|x64.Build.0 = Release|x64
		{97D7A8F6-101E-488F-85A8-E7FF51498DDC}.Release|x86.ActiveCfg = Release|Win32
		{97D7A8F6-101E-488F-85A8-E7FF51498DDC}.Release|x86.Build.0 = Release|Win32
		{3EFFD4E6-7F6C-49F2-BA42-676EDBCA7633}.Debug|x64.ActiveCfg = Debug|x64
		{3EFFD4E6-7F6C-49F2-BA42-676EDBCA7633}.Debug|x64.Build.0 = Debug|x64
		{3EFFD4E6-7F6C-49F2-BA42-676EDBCA7633}.Debug|x86.ActiveCfg = Debug|Win32
		{3EFFD4E6-7F6C-49F2-BA42-676EDBCA7633}.Debug|x86.Build.0 = Debug|Win32
		{3EFFD4E6-7F6C-49F2-BA42-676EDBCA7633}.Release|x64.ActiveCfg = Release|x64
		{3EFFD4E6-7F6C-49F2-BA42-676EDBCA7633}.Release|x64.Build.0 = Release|x64
		{3EFFD4E6-7F6C-49F2-BA42-676EDBCA7633}.Release|x86.ActiveCfg = Release|Win32
		{3EFFD4E6-7F6C-49F2-BA42-676EDBCA7633}.Release|x86.Build.0 = Release|Win32
		{A7780A15-8477-4E1E-B34A-320299338A6B}.Debug|x64.ActiveCfg = Debug|x64
		{A7780A15-8477-4E1E-B34A-320299338A6B}.Debug|x64.Build.0 = Debug|x64
		{A7780A15-8477-4E1E-B34A-320299338A6B}.Debug|x86.ActiveCfg = Debug|Win32
		{A7780A15-8477-4E1E-B34A-320299338A6B}.Debug|x86.Build.0 = Debug|Win32
		{A7780A15-8477-4E1E-B34A-320299338A6B}.Release|x64.ActiveCfg = Release|x64
		{A7780A15-8477-4E1E-B34A-320299338A6B}.Release|x64.Build.0 = Release|x64
		{A7780A15-8477-4E1E-B34A-320299338A6B}.Release|x86.ActiveCfg = Release|Win32
		{A7780A15-8477-4E1E-B34A-320299338A6B}.Release|x86.Build.0 = Release|Win32
		{DE270732-17E5-470C-9044-9EE9C8397AAA}.Debug|x64.ActiveCfg = Debug|x64
		{DE270732-17E5-470C-9044-9EE9C8397AAA}.Debug|x64.Build.0 = Debug|x64
		{DE270732-17E5-470C-9044-9EE9C8397AAA}.Debug|x86.ActiveCfg = Debug|Win32
		{DE270732-17E5-470C-9044-9EE9C8397AAA}.Debug|x86.Build.0 = Debug|Win32
		{DE270732-17E5-470C-9044-9EE9C8397AAA}.Release|x64.ActiveCfg = Release|x64
		{DE270732-17E5-470C-9044-9EE9C8397AAA}.Release|x64.Build.0 = Release|x64
		{DE270732-17E5-470C-9044-9EE9C8397AAA}.Release|x86.ActiveCfg = Release|Win32
		{DE270732-17E5-470C-9044-9EE9C8397AAA}.Release|x86.Build.0 = Release|Win32
		{AFDFDB85-6DF9-46B3-9F81-F6E1E48A4750}.Debug|x64.ActiveCfg = Debug|x64
		{AFDFDB85-6DF9-46B3-9F81-F6E1E48A4750}.Debug|x64.Build.0 = Debug|x64
		{AFDFDB85-6DF9-46B3-9F81-F6E1E48A4750}.Debug|x86.ActiveCfg = Debug|Win32
		{AFDFDB85-6DF9-46B3-9F81-F6E1E48A4750}.Debug|x86.Build.0 = Debug|Win32
		{AFDFDB85-6DF9-46B3-9F81-F6E1E48A4750}.Release|x64.ActiveCfg = Release|x64
		{AFDFDB85-6DF9-46B3-9F81-F6E1E48A4750}.Release|x64.Build.0 = Release|x64
		{AFDFDB85-6DF9-46B3-9F81-F6E1E48A4750}.Release|x86.ActiveCfg = Release|Win32
		{AFDFDB85-6DF9-46B3-9F81-F6E1E48A4750}.Release|x86.Build.0 = Release|Win32
		{26400A20-883E-431E-A9ED-9E76B8E79EF1}.Debug|x64.ActiveCfg = Debug|x64
		{26400A20-883E-431E-A9ED-9E76B8E79EF1}.Debug|x64.Build.0 = Debug|x64
		{26400A20-883E-431E-A9ED-9E76B8E79EF1}.Debug|x86.ActiveCfg = Debug|Win32
		{26400A20-883E-431E-A9ED-9E76B8E79EF1}.Debug|x86.Build.0 = Debug|Win32
		{26400A20-883E-431E-A9ED-9E76B8E79EF1}.Release|x64.ActiveCfg = Release|x64
		{26400A20-883E-431E-A9ED-9E76B8E79EF1}.Release|x64.Build.0 = Release|x64
		{26400A20-883E-431E-A9ED-9E76B8E79EF1}.Release|x86.ActiveCfg = Release|Win32
		{26400A20-883E-431E-A9ED-9E76B8E79EF1}.Release|x86.Build.0 = Release|Win32
		{C9E4C186-3044-4C03-865E-BD91BCC7613B}.Debug|x64.ActiveCfg = Debug|x64
		{C9E4C186-3044-4C03-865E-BD91BCC7613B}.Debug|x64.Build.0 = Debug|x64
		{C9E4C186-3044-4C03-865E-BD91BCC7613B}.Debug|x86.ActiveCfg = Debug|Win32
		{C9E4C186-3044-4C03-865E-BD91BCC7613B}.Debug|x86.Build.0 = Debug|Win32
		{C9E4C186-3044-4C03-865E-BD91BCC7613B}.Release|x64.ActiveCfg = Release|x64
		{C9E4C186-3044-4C03-865E-BD91BCC7613B}.Release|x64.Build.0 = Release|x64
		{C9E4C186-3044-4C03-865E-BD91BCC7613B}.Release|x86.ActiveCfg = Release|Win32
		{C9E4C186-3044-4C03-865E-BD91BCC7613B}.Release|x86.Build.0 = Release|Win32
		{5AFC3064-1F19-4707-800D-142A17A29BB6}.Debug|x64.ActiveCfg = Debug|x64
		{5AFC3064-1F19-4707-800D-142A17A29BB6}.Debug|x64.Build.0 = Debug|x64
		{5AFC3064-1F19-4707-800D-142A17A29BB6}.Debug|x86.ActiveCfg = Debug|Win32
		{5AFC3064-1F19-4707-800D-142A17A29BB6}.Debug|x86.Build.0 = Debug|Win32
		{5AFC3064-1F19-4707-800D-142A17A29BB6}.Release|x64.ActiveCfg = Release|x64
		{5AFC3064-1F19-4707-800D-142A17A29BB6}.Release|x64.Build.0 = Release|x64
		{5AFC3064-1F19-4707-800D-142A17A29BB6}.Release|x86.ActiveCfg = Release|Win32
		{5AFC3064-1F19-4707-800D-142A17A29BB6}.Release|x86.Build.0 = Release|Win32
		{78AB54DE-10B2-4113-948A-B240DA1C2034}.Debug|x64.ActiveCfg = Debug|x64
		{78AB54DE-10B2-4113-948A-B240DA1C2034}.Debug|x64.Build.0 = Debug|x64
		{78AB54DE-10B2-4113-948A-B240DA1C2034}.Debug|x86.ActiveCfg = Debug|Win32
		{78AB54DE-10B2-4113-948A-B240DA1C2034}.Debug|x86.Build.0 = Debug|Win32
		{78AB54DE-10B2-4113-948A-B240DA1C2034}.Release|x64.ActiveCfg = Release|x64
		{78AB54DE-10B2-4113-948A-B240DA1C2034}.Release|x64.Build.0 = Release|x64
		{78AB54DE-10B2-4113-948A-B240DA1C2034}.Release|x86.ActiveCfg = Release|Win32
		{78AB54DE-10B2-4113-948A-B240DA1C2034}.Release|x86.Build.0 = Release|Win32
		{781F5F55-1E7F-4F7E-9162-E8361A45A23C}.Debug|x64.ActiveCfg = Debug|x64
		{781F5F55-1E7F-4F7E-9162-E8361A45A23C}.Debug|x64.Build.0 = Debug|x64
		{781F5F55-1E7F-4F7E-9162-E8361A45A23C}.Debug|x86.ActiveCfg = Debug|Win32
		{781F5F55-1E7F-4F7E-9162-E8361A45A23C}.Debug|x86.Build.0 = Debug|Win32
		{781F5F55-1E7F-4F7E-9162-E8361A45A23C}.Release|x64.ActiveCfg = Release|x64
		{781F5F55-1E7F-4F7E-9162-E8361A45A23C}.Release|x64.Build.0 = Release|x64
		{781F5F55-1E7F-4F7E-9162-E8361A45A23C}.Release|x86.ActiveCfg = Release|Win32
		{781F5F55-1E7F-4F7E-9162-E8361A45A23C}.Release|x86.Build.0 = Release|Win32
		{895D396F-0281-49F9-AAED-E0B104321FED}.Debug|x64.ActiveCfg = Debug|x64
		{895D396F-0281-49F9-AAED-E0B104321FED}.Debug|x64.Build.0 = Debug|x64
		{895D396F-0281-49F9-AAED-E0B104321FED}.Debug|x86.ActiveCfg = Debug|Win32
		{895D396F-0281-49F9-AAED-E0B104321FED}.Debug|x86.Build.0 = Debug|Win32
		{895D396F-0281-49F9-AAED-E0B104321FED}.Release|x64.ActiveCfg = Release|x64
		{895D396F-0281-49F9-AAED-E0B104321FED}.Release|x64.Build.0 = Release|x64
		{895D396F-0281-49F9-AAED-E0B104321FED}.Release|x86.ActiveCfg = Release|Win32
		{895D396F-0281-49F9-AAED-E0B104321FED}.Release|x86.Build.0 = Release|Win32
		{B3E4434F-A482-4480-9F4F-929D57FD46C9}.Debug|x64.ActiveCfg = Debug|x64
		{B3E4434F-A482-4480-9F4F-929D57FD46C9}.Debug|x64.Build.0 = Debug|x64
		{B3E4434F-A482-4480-9F4F-929D57FD46C9}.Debug|x86.ActiveCfg = Debug|Win32
		{B3E4434F-A482-4480-9F4F-929D57FD46C9}.Debug|x86.Build.0 = Debug|Win32
		{B3E4434F-A482-4480-9F4F-929D57FD46C9}.Release|x64.ActiveCfg = Release|x64
		{B3E4434F-A482-4480-9F4F-929D57FD46C9}.Release|x64.Build.0 = Release|x64
		{B3E4434F-A482-4480-9F4F-929D57FD46C9}.Release|x86.ActiveCfg = Release|Win32
		{B3E4434F-A482-4480-9F4F-929D57FD46C9}.Release|x86.Build.0 = Release|Win32
		{7177280E-14DC-4CAA-AEF2-760C452BDDF6}.Debug|x64.ActiveCfg = Debug|x64
		{7177280E-14DC-4CAA-AEF2-760C452BDDF6}.Debug|x64.Build.0 = Debug|x64
		{7177280E-14DC-4CAA-AEF2-760C452BDDF6}.Debug|x86.ActiveCfg = Debug|Win32
		{7177280E-14DC-4CAA-AEF2-760C452BDDF6}.Debug|x86.Build.0 = Debug|Win32
		{7177280E-14DC-4CAA-AEF2-760C452BDDF6}.Release|x64.ActiveCfg = Release|x64
		{7177280E-14DC-4CAA-AEF2-760C452BDDF6}.Release|x64.Build.0 = Release|x64
		{7177280E-14DC-4CAA-AEF2-760C452BDDF6}.Release|x86.ActiveCfg = Release|Win32
		{7177280E-14DC-4CAA-AEF2-760C452BDDF6}.Release|x86.Build.0 = Release|Win32
		{D5C88C44-3CDF-4FFC-A715-69FC7DD1C48B}.Debug|x64.ActiveCfg = Debug|x64
		{D5C88C44-3CDF-4FFC-A715-69FC7DD1C48B}.Debug|x64.Build.0 = Debug|x64
		{D5C88C44-3CDF-4FFC-A715-69FC7DD1C48B}.Debug|x86.ActiveCfg = Debug|Win32
		{D5C88C44-3CDF-4FFC-A715-69FC7DD1C48B}.Debug|x86.Build.0 = Debug|Win32
		{D5C88C44-3CDF-4FFC-A715-69FC7DD1C48B}.Release|x64.ActiveCfg = Release|x64
		{D5C88C44-3CDF-4FFC-A715-69FC7DD1C48B}.Release|x64.Build.0 = Release|x64
		{D5C88C44-3CDF-4FFC-A715-69FC7DD1C48B}.Release|x86.ActiveCfg = Release|Win32
		{D5C88C44-3CDF-4FFC-A715-69FC7DD1C48B}.Release|x86.Build.0 = Release|Win32
		{F626D52A-08FF-42A3-B8A7-EFB05AF4909F}.Debug|x64.ActiveCfg = Debug|x64
		{F626D52A-08FF-42A3-B8A7-EFB05AF4909F}.Debug|x64.Build.0 = Debug|x64
		{F626D52A-08FF-42A3-B8A7-EFB05AF4909F}.Debug|x86.ActiveCfg = Debug|Win32
		{F626D52A-08FF-42A3-B8A7-EFB05AF4909F}.Debug|x86.Build.0 = Debug|Win32
		{F626D52A-08FF-42A3-B8A7-EFB05AF4909F}.Release|x64.ActiveCfg = Release|x64
		{F626D52A-08FF-42A3-B8A7-EFB05AF4909F}.Release|x64.Build.0 = Release|x64
		{F626D52A-08FF-42A3-B8A7-EFB05AF4909F}.Release|x86.ActiveCfg = Release|Win32
		{F626D52A-08FF-42A3-B8A7-EFB05AF4909F}.Release|x86.Build.0 = Release|Win32
		{76B20094-8EC7-44B6-8BFE-7C8F8325F171}.Debug|x64.ActiveCfg = Debug|x64
		{76B20094-8EC7-44B6-8BFE-7C8F8325F171}.Debug|x64.Build.0 = Debug|x64
		{76B20094-8EC7-44B6-8BFE-7C8F8325F171}.Debug|x86.ActiveCfg = Debug|Win32
		{76B20094-8EC7-44B6-8BFE-7C8F8325F171}.Debug|x86.Build.0 = Debug|Win32
		{76B20094-8EC7-44B6-8BFE-7C8F8325F171}.Release|x64.ActiveCfg = Release|x64
		{76B20094-8EC7-44B6-8BFE-7C8F8325F171}.Release|x64.Build.0 = Release|x64
		{76B20094-8EC7-44B6-8BFE-7C8F8325F171}.Release|x86.ActiveCfg = Release|Win32
		{76B20094-8EC7-44B6-8BFE-7C8F8325F171}.Release|x86.Build.0 = Release|Win32
		{C60F359B-C4D3-46EF-8AD8-FFEA00E753FE}.Debug|x64.ActiveCfg = Debug|x64
		{C60F359B-C4D3-46EF-8AD8-FFEA00E753FE}.Debug|x64.Build.0 = Debug|x64
		{C60F359B-C4D3-46EF-8AD8-FFEA00E753FE}.Debug|x86.ActiveCfg = Debug|Win32
		{C60F359B-C4D3-46EF-8AD8-FFEA00E753FE}.Debug|x86.Build.0 = Debug|Win32
		{C60F359B-C4D3-46EF-8AD8-FFEA00E753FE}.Release|x64.ActiveCfg = Release|x64
		{C60F359B-C4D3-46EF-8AD8-FFEA00E753FE}.Release|x64.Build.0 = Release|x64
		{C60F359B-C4D3-46EF-8AD8-FFEA00E753FE}.Release|x86.ActiveCfg = Release|Win32
		{C60F359B-C4D3-46EF-8AD8-FFEA00E753FE}.Release|x86.Build.0 = Release|Win32
		{9E29EB75-3573-4F4A-B5F6-66BB75B70B85}.Debug|x64.ActiveCfg = Debug|x64
		{9E29EB75-3573-4F4A-B5F6-66BB75B70B85}.Debug|x64.Build.0 = Debug|x64
		{9E29EB75-3573-4F4A-B5F6-66BB75B70B85}.Debug|x86.ActiveCfg = Debug|Win32
		{9E29EB75-3573-4F4A-B5F6-66BB75B70B85}.Debug|x86.Build.0 = Debug|Win32
		{9E29EB75-3573-4F4A-B5F6-66BB75B70B85}.Release|x64.ActiveCfg = Release|x64
		{9E29EB75-3573-4F4A-B5F6-66BB75B70B85}.Release|x64.Build.0 = Release|x64
		{9E29EB75-3573-4F4A-B5F6-66BB75B70B85}.Release|x86.ActiveCfg = Release|Win32
		{9E29EB75-3573-4F4A-B5F6-66BB75B70B85}.Release|x86.Build.0 = Release|Win32
		{64ADF808-1E49-4FA2-8A6F-8E32AA144DBB}.Debug|x64.ActiveCfg = Debug|x64
		{64ADF808-1E49-4FA2-8A6F-8E32AA144DBB}.Debug|x64.Build.0 = Debug|x64
		{64ADF808-1E49-4FA2-8A6F-8E32AA144DBB}.Debug|x86.ActiveCfg = Debug|Win32
		{64ADF808-1E49-4FA2-8A6F-8E32AA144DBB}.Debug|x86.Build.0 = Debug|Win32
		{64ADF808-1E49-4FA2-8A6F-8E32AA144DBB}.Release|x64.ActiveCfg = Release|x64
		{64ADF808-1E49-4FA2-8A6F-8E32AA144DBB}.Release|x64.Build.0 = Release|x64
		{64ADF808-1E49-4FA2-8A6F-8E32AA144DBB}.Release|x86.ActiveCfg = Release|Win32
		{64ADF808-1E49-4FA2-8A6F-8E32AA144DBB}.Release|x86.Build.0 = Release|Win32
		{D42D821A-DE56-47C7-9A6F-F2EB9EC85C41}.Debug|x64.ActiveCfg = Debug|x64
		{D42D821A-DE56-47C7-9A6F-F2EB9EC85C41}.Debug|x64.Build.0 = Debug|x64
		{D42D821A-DE56-47C7-9A6F-F2EB9EC85C41}.Debug|x86.ActiveCfg = Debug|Win32
		{D42D821A-DE56-47C7-9A6F-F2EB9EC85C41}.Debug|x86.Build.0 = Debug|Win32
		{D42D821A-DE56-47C7-9A6F-F2EB9EC85C41}.Release|x64.ActiveCfg = Release|x64
		{D42D821A-DE56-47C7-9A6F-F2EB9EC85C41}.Release|x64.Build.0 = Release|x64
		{D42D821A-DE56-47C7-9A6F-F2EB9EC85C41}.Release|x86.ActiveCfg = Release|Win32
		{D42D821A-DE56-47C7-9A6F-F2EB9EC85C41}.Release|x86.Build.0 = Release|Win32
		{F34273B2-AF3A-4671-8C91-69AF55713269}.Debug|x64.ActiveCfg = Debug|x64
		{F34273B2-AF3A-4671-8C91-69AF55713269}.Debug|x64.Build.0 = Debug|x64
		{F34273B2-AF3A-4671-8C91-69AF55713269}.Debug|x86.ActiveCfg = Debug|Win32
		{F34273B2-AF3A-4671-8C91-69AF55713269}.Debug|x86.Build.0 = Debug|Win32
		{F34273B2-AF3A-4671-8C91-69AF55713269}.Release|x64.ActiveCfg = Release|x64
		{F34273B2-AF3A-4671-8C91-69AF55713269}.Release|x64.Build.0 = Release|x64
		{F34273B2-AF3A-4671-8C91-69AF55713269}.Release|x86.ActiveCfg = Release|Win32
		{F34273B2-AF3A-4671-8C91-69AF55713269}.Release|x86.Build.0 = Release|Win32
		{087564AB-FCAE-4926-9FDD-9AC4745E4CA3}.Debug|x64.ActiveCfg = Debug|x64
		{087564AB-FCAE-4926-9FDD-9AC4745E4CA3}.Debug|x64.Build.0 = Debug|x64
		{087564AB-FCAE-4926-9FDD-9AC4745E4CA3}.Debug|x86.ActiveCfg = Debug|Win32
		{087564AB-FCAE-4926-9FDD-9AC4745E4CA3}.Debug|x86.Build.0 = Debug|Win32
		{087564AB-FCAE-4926-9FDD-9AC4745E4CA3}.Release|x64.ActiveCfg = Release|x64
		{087564AB-FCAE-4926-9FDD-9AC4745E4CA3}.Release|x64.Build.0 = Release|x64
		{087564AB-FCAE-4926-9FDD-9AC4745E4CA3}.Release|x86.ActiveCfg = Release|Win32
		{087564AB-FCAE-4926-9FDD-9AC4745E4CA3}.Release|x86.Build.0 = Release|Win32
		{027C5CDE-5339-4E2A-AF48-544C71594D2B}.Debug|x64.ActiveCfg = Debug|x64
		{027C5CDE-5339-4E2A-AF48-544C71594D2B}.Debug|x64.Build.0 = Debug|x64
		{027C5CDE-5339-4E2A-AF48-544C71594D2B}.Debug|x86.ActiveCfg = Debug|Win32
		{027C5CDE-5339-4E2A-AF48-544C71594D2B}.Debug|x86.Build.0 = Debug|Win32
		{027C5CDE-5339-4E2A-AF48-544C71594D2B}.Release|x64.ActiveCfg = Release|x64
		{027C5CDE-5339-4E2A-AF48-544C71594D2B}.Release|x64.Build.0 = Release|x64
		{027C5CDE-5339-4E2A-AF48-544C71594D2B}.Release|x86.ActiveCfg = Release|Win32
		{027C5CDE-5339-4E2A-AF48-544C71594D2B}.Release|x86.Build.0 = Release|Win32
		{94D891F1-4D9E-4C09-B1DC-2D244F017840}.Debug|x64.ActiveCfg = Debug|x64
		{94D891F1-4D9E-4C09-B1DC-2D244F017840}.Debug|x64.Build.0 = Debug|x64
		{94D891F1-4D9E-4C09-B1DC-2D244F017840}.Debug|x86.ActiveCfg = Debug|Win32
		{94D891F1-4D9E-4C09-B1DC-2D244F017840}.Debug|x86.Build.0 = Debug|Win32
		{94D891F1-4D9E-4C09-B1DC-2D244F017840}.Release|x64.ActiveCfg = Release|x64
		{94D891F1-4D9E-4C09-B1DC-2D244F017840}.Release|x64.Build.0 = Release|x64
		{94D891F1-4D9E-4C09-B1DC-2D244F017840}.Release|x86.ActiveCfg = Release|Win32
		{94D891F1-4D9E-4C09-B1DC-2D244F017840}.Release|x86.Build.0 = Release|Win32
		{B8F13808-4D77-4EE8-8F78-8EECF6F4F869}.Debug|x64.ActiveCfg = Debug|x64
		{B8F13808-4D77-4EE8-8F78-8EECF6F4F869}.Debug|x64.Build.0 = Debug|x64
		{B8F13808-4D77-4EE8-8F78-8EECF6F4F869}.Debug|x86.ActiveCfg = Debug|Win32
		{B8F13808-4D77-4EE8-8F78-8EECF6F4F869}.Debug|x86.Build.0 = Debug|Win32
		{B8F13808-4D77-4EE8-8F78-8EECF6F4F869}.Release|x64.ActiveCfg = Release|x64
		{B8F13808-4D77-4EE8-8F78-8EECF6F4F869}.Release|x64.Build.0 = Release|x64
		{B8F13808-4D77-4EE8-8F78-8EECF6F4F869}.Release|x86.ActiveCfg = Release|Win32
		{B8F13808-4D77-4EE8-8F78-8EECF6F4F869}.Release|x86.Build.0 = Release|Win32
		{DE040872-370F-42E8-BE1B-0FE29C58C9C9}.Debug|x64.ActiveCfg = Debug|x64
		{DE040872-370F-42E8-BE1B-0FE29C58C9C9}.Debug|x64.Build.0 = Debug|x64
		{DE040872-370F-42E8-BE1B-0FE29C58C9C9}.Debug|x86.ActiveCfg = Debug|Win32
		{DE040872-370F-42E8-BE1B-0FE29C58C9C9}.Debug|x86.Build.0 = Debug|Win32
		{DE040872-370F-42E8-BE1B-0FE29C58C9C9}.Release|x64.ActiveCfg = Release|x64
		{DE040872-370F-42E8-BE1B-0FE29C58C9C9}.Release|x64.Build.0 = Release|x64
		{DE040872-370F-42E8-BE1B-0FE29C58C9C9}.Release|x86.ActiveCfg = Release|Win32
		{DE040872-370F-42E8-BE1B-0FE29C58C9C9}.Release|x86.Build.0 = Release|Win32
		{6D3B0F80-0F6F-43D9-98AA-9C209D69450B}.Debug|x64.ActiveCfg = Debug|x64
		{6D3B0F80-0F6F-43D9-98AA-9C209D69450B}.Debug|x64.Build.0 = Debug|x64
		{6D3B0F80-0F6F-43D9-98AA-9C209D69450B}.Debug|x86.ActiveCfg = Debug|Win32
		{6D3B0F80-0F6F-43D9-98AA-9C209D69450B}.Debug|x86.Build.0 = Debug|Win32
		{6D3B0F80-0F6F-43D9-98AA-9C209D69450B}.Release|x64.ActiveCfg = Release|x64
		{6D3B0F80-0F6F-43D9-98AA-9C209D69450B}.Release|x64.Build.0 = Release|x64
		{6D3B0F80-0F6F-43D9-98AA-9C209D69450B}.Release|x86.ActiveCfg = Release|Win32
		{6D3B0F80-0F6F-43D9-98AA-9C209D69450B}.Release|x86.Build.0 = Release|Win32
		{D654D9A4-CAE4-4E49-B323-F61954868814}.Debug|x64.ActiveCfg = Debug|x64
		{D654D9A4-CAE4-4E49-B323-F61954868814}.Debug|x64.Build.0 = Debug|x64
		{D654D9A4-CAE4-4E49-B323-F61954868814}.Debug|x86.ActiveCfg = Debug|Win32
		{D654D9A4-CAE4-4E49-B323-F61954868814}.Debug|x86.Build.0 = Debug|Win32
		{D654D9A4-CAE4-4E49-B323-F61954868814}.Release|x64.ActiveCfg = Release|x64
		{D654D9A4-CAE4-4E49-B323-F61954868814}.Release|x64.Build.0 = Release|x64
		{D654D9A4-CAE4-4E49-B323-F61954868814}.Release|x86.ActiveCfg = Release|Win32
		{D654D9A4-CAE4-4E49-B323-F61954868814}.Release|x86.Build.0 = Release|Win32
		{9283763C-07DD-432F-BE71-618D4F7DD821}.Debug|x64.ActiveCfg = Debug|x64
		{9283763C-07DD-432F-BE71-618D4F7DD821}.Debug|x64.Build.0 = Debug|x64
		{9283763C-07DD-432F-BE71-618D4F7DD821}.Debug|x86.ActiveCfg = Debug|Win32
		{9283763C-07DD-432F-BE71-618D4F7DD821}.Debug|x86.Build.0 = Debug|Win32
		{9283763C-07DD-432F-BE71-618D4F7DD821}.Release|x64.ActiveCfg = Release|x64
		{9283763C-07DD-432F-BE71-618D4F7DD821}.Release|x64.Build.0 = Release|x64
		{9283763C-07DD-432F-BE71-618D4F7DD821}.Release|x86.ActiveCfg = Release|Win32
		{9283763C-07DD-432F-BE71-618D4F7DD821}.Release|x86.Build.0 = Release|Win32
		{6179F594-B3C8-46B9-93BD-C2966CD6BD34}.Debug|x64.ActiveCfg = Debug|x64
		{6179F594-B3C8-46B9-93BD-C2966CD6BD34}.Debug|x64.Build.0 = Debug|x64
		{6179F594-B3C8-46B9-93BD-C2966CD6BD34}.Debug|x86.ActiveCfg = Debug|Win32
		{6179F594-B3C8-46B9-93BD-C2966CD6BD34}.Debug|x86.Build.0 = Debug|Win32
		{6179F594-B3C8-46B9-93BD-C2966CD6BD34}.Release|x64.ActiveCfg = Release|x64
		{6179F594-B3C8-46B9-93BD-C2966CD6BD34}.Release|x64.Build.0 = Release|x64
		{6179F594-B3C8-46B9-93BD-C2966CD6BD34}.Release|x86.ActiveCfg = Release|Win32
		{6179F594-B3C8-46B9-93BD-C2966CD6BD34}.Release|x86.Build.0 = Release|Win32
		{6A2D7400-2410-4743-A8CE-71A387818C3E}.Debug|x64.ActiveCfg = Debug|x64
		{6A2D7400-2410-4743-A8CE-71A387818C3E}.Debug|x64.Build.0 = Debug|x64
		{6A2D7400-2410-4743-A8CE-71A387818C3E}.Debug|x86.ActiveCfg = Debug|Win32
		{6A2D7400-2410-4743-A8CE-71A387818C3E}.Debug|x86.Build.0 = Debug|Win32
		{6A2D7400-2410-4743-A8CE-71A387818C3E}.Release|x64.ActiveCfg = Release|x64
		{6A2D7400-2410-4743-A8CE-71A387818C3E}.Release|x64.Build.0 = Release|x64
		{6A2D7400-2410-4743-A8CE-71A387818C3E}.Release|x86.ActiveCfg = Release|Win32
		{6A2D7400-2410-4743-A8CE-71A387818C3E}.Release|x86.Build.0 = Release|Win32
		{C7E3F57E-3265-4E63-9D4A-6F634E4382C4}.Debug|x64.ActiveCfg = Debug|x64
		{C7E3F57E-3265-4E63-9D4A-6F634E4382C4}.Debug|x64.Build.0 = Debug|x64
		{C7E3F57E-3265-4E63-9D4A-6F634E4382C4}.Debug|x86.ActiveCfg = Debug|Win32
		{C7E3F57E-3265-4E63-9D4A-6F634E4382C4}.Debug|x86.Build.0 = Debug|Win32
		{C7E3F57E-3265-4E63-9D4A-6F634E4382C4}.Release|x64.ActiveCfg = Release|x64
		{C7E3F57E-3265-4E63-9D4A-6F634E4382C4}.Release|x64.Build.0 = Release|x64
		{C7E3F57E-3265-4E63-9D4A-6F634E4382C4}.Release|x86.ActiveCfg = Release|Win32
		{C7E3F57E-3265-4E63-9D4A-6F634E4382C4}.Release|x86.Build.0 = Release|Win32
		{B65DFCF1-6A50-44BB-B0AC-6F8103754A16}.Debug|x64.ActiveCfg = Debug|x64
		{B65DFCF1-6A50-44BB-B0AC-6F8103754A16}.Debug|x64.Build.0 = Debug|x64
		{B65DFCF1-6A50-44BB-B0AC-6F8103754A16}.Debug|x86.ActiveCfg = Debug|Win32
		{B65DFCF1-6A50-44BB-B0AC-6F8103754A16}.Debug|x86.Build.0 = Debug|Win32
		{B65DFCF1-6A50-44BB-B0AC-6F8103754A16}.Release|x64.ActiveCfg = Release|x64
		{B65DFCF1-6A50-44BB-B0AC-6F8103754A16}.Release|x64.Build.0 = Release|x64
		{B65DFCF1-6A50-44BB-B0AC-6F8103754A16}.Release|x86.ActiveCfg = Release|Win32
		{B65DFCF1-6A50-44BB-B0AC-6F8103754A16}.Release|x86.Build.0 = Release|Win32
		{A0B75314-C72C-4174-B506-DCB151B51D92}.Debug|x64.ActiveCfg = Debug|x64
		{A0B75314-C72C-4174-B506-DCB151B51D92}.Debug|x64.Build.0 = Debug|x64
		{A0B75314-C72C-4174-B506-DCB151B51D92}.Debug|x86.ActiveCfg = Debug|Win32
		{A0B75314-C72C-4174-B506-DCB151B51D92}.Debug|x86.Build.0 = Debug|Win32
		{A0B75314-C72C-4174-B506-DCB151B51D92}.Release|x64.ActiveCfg = Release|x64
		{A0B75314-C72C-4174-B506-DCB151B51D92}.Release|x64.Build.0 = Release|x64
		{A0B75314-C72C-4174-B506-DCB151B51D92}.Release|x86.ActiveCfg = Release|Win32
		{A0B75314-C72C-4174-B506-DCB151B51D92}.Release|x86.Build.0 = Release|Win32
		{9FD42331-6168-4288-AA4B-CB1BC7620B0F}.Debug|x64.ActiveCfg = Debug|x64
		{9FD42331-6168-4288-AA4B-CB1BC7620B0F}.Debug|x64.Build.0 = Debug|x64
		{9FD42331-6168-4288-AA4B-CB1BC7620B0F}.Debug|x86.ActiveCfg = Debug|Win32
		{9FD42331-6168-4288-AA4B-CB1BC7620B0F}.Debug|x86.Build.0 = Debug|Win32
		{9FD42331-6168-4288-AA4B-CB1BC7620B0F}.Release|x64.ActiveCfg = Release|x64
		{9FD42331-6168-4288-AA4B-CB1BC7620B0F}.Release|x64.Build.0 = Release|x64
		{9FD42331-6168-4288-AA4B-CB1BC7620B0F}.Release|x86.ActiveCfg = Release|Win32
		{9FD42331-6168-4288-AA4B-CB1BC7620B0F}.Release|x86.Build.0 = Release|Win32
		{F3413BBF-4FA2-4B8E-830E-B85D645F2648}.Debug|x64.ActiveCfg = Debug|x64
		{F3413BBF-4FA2-4B8E-830E-B85D645F2648}.Debug|x64.Build.0 = Debug|x64
		{F3413BBF-4FA2-4B8E-830E-B85D645F2648}.Debug|x86.ActiveCfg = Debug|Win32
		{F3413BBF-4FA2-4B8E-830E-B85D645F2648}.Debug|x86.Build.0 = Debug|Win32
		{F3413BBF-4FA2-4B8E-830E-B85D645F2648}.Release|x64.ActiveCfg = Release|x64
		{F3413BBF-4FA2-4B8E-830E-B85D645F2648}.Release|x64.Build.0 = Release|x64
		{F3413BBF-4FA2-4B8E-830E-B85D645F2648}.Release|x86.ActiveCfg = Release|Win32
		{F3413BBF-4FA2-4B8E-830E-B85D645F2648}.Release|x86.Build.0 = Release|Win32
		{FB94A3F4-E57E-42C1-AB18-6374ACD0F72B}.Debug|x64.ActiveCfg = Debug|x64
		{FB94A3F4-E57E-42C1-AB18-6374ACD0F72B}.Debug|x64.Build.0 = Debug|x64
		{FB94A3F4-E57E-42C1-AB18-6374ACD0F72B}.Debug|x86.ActiveCfg = Debug|Win32
		{FB94A3F4-E57E-42C1-AB18-6374ACD0F72B}.Debug|x86.Build.0 = Debug|Win32
		{FB94A3F4-E57E-42C1-AB18-6374ACD0F72B}.Release|x64.ActiveCfg = Release|x64
		{FB94A3F4-E57E-42C1-AB18-6374ACD0F72B}.Release|x64.Build.0 = Release|x64
		{FB94A3F4-E57E-42C1-AB18-6374ACD0F72B}.Release|x86.ActiveCfg = Release|Win32
		{FB94A3F4-E57E-42C1-AB18-6374ACD0F72B}.Release|x86.Build.0 = Release|Win32
		{502BBEB8-8582-413D-903F-93C5A8FF2CD2}.Debug|x64.ActiveCfg = Debug|x64
		{502BBEB8-8582-413D-903F-93C5A8FF2CD2}.Debug|x64.Build.0 = Debug|x64
		{502BBEB8-8582-413D-903F-93C5A8FF2CD2}.Debug|x86.ActiveCfg = Debug|Win32
		{502BBEB8-8582-413D-903F-93C5A8FF2CD2}.Debug|x86.Build.0 = Debug|Win32
		{502BBEB8-8582-413D-903F-93C5A8FF2CD2}.Release|x64.ActiveCfg = Release|x64
		{502BBEB8-8582-413D-903F-93C5A8FF2CD2}.Release|x64.Build.0 = Release|x64
		{502BBEB8-8582-413D-903F-93C5A8FF2CD2}.Release|x86.ActiveCfg = Release|Win32
		{502BBEB8-8582-413D-903F-93C5A8FF2CD2}.Release|x86.Build.0 = Release|Win32
		{898ED1A6-C828-4957-8E41-C9CA8C56DF9A}.Debug|x64.ActiveCfg = Debug|x64
		{898ED1A6-C828-4957-8E41-C9CA8C56DF9A}.Debug|x64.Build.0 = Debug|x64
		{898ED1A6-C828-4957-8E41-C9CA8C56DF9A}.Debug|x86.ActiveCfg = Debug|Win32
		{898ED1A6-C828-4957-8E41-C9CA8C56DF9A}.Debug|x86.Build.0 = Debug|Win32
		{898ED1A6-C828-4957-8E41-C9CA8C56DF9A}.Release|x64.ActiveCfg = Release|x64
		{898ED1A6-C828-4957-8E41-C9CA8C56DF9A}.Release|x64.Build.0 = Release|x64
		{898ED1A6-C828-4957-8E41-C9CA8C56DF9A}.Release|x86.ActiveCfg = Release|Win32
		{898ED1A6-C828-4957-8E41-C9CA8C56DF9A}.Release|x86.Build.0 = Release|Win32
		{8900F28A-1983-4166-B710-41ED8F9D85CE}.Debug|x64.ActiveCfg = Debug|x64
		{8900F28A-1983-4166-B710-41ED8F9D85CE}.Debug|x64.Build.0 = Debug|x64
		{8900F28A-1983-4166-B710-41ED8F9D85CE}.Debug|x86.ActiveCfg = Debug|Win32
		{8900F28A-1983-4166-B710-41ED8F9D85CE}.Debug|x86.Build.0 = Debug|Win32
		{8900F28A-1983-4166-B710-41ED8F9D85CE}.Release|x64.ActiveCfg = Release|x64
		{8900F28A-1983-4166-B710-41ED8F9D85CE}.Release|x64.Build.0 = Release|x64
		{8900F28A-1983-4166-B710-41ED8F9D85CE}.Release|x86.ActiveCfg = Release|Win32
		{8900F28A-1983-4166-B710-41ED8F9D85CE}.Release|x86.Build.0 = Release|Win32
		{27DDBCA5-C1BE-4F6C-85F1-B78221230071}.Debug|x64.ActiveCfg = Debug|x64
		{27DDBCA5-C1BE-4F6C-85F1-B78221230071}.Debug|x64.Build.0 = Debug|x64
		{27DDBCA5-C1BE-4F6C-85F1-B78221230071}.Debug|x86.ActiveCfg = Debug|Win32
		{27DDBCA5-C1BE-4F6C-85F1-B78221230071}.Debug|x86.Build.0 = Debug|Win32
		{27DDBCA5-C1BE-4F6C-85F1-B78221230071}.Release|x64.ActiveCfg = Release|x64
		{27DDBCA5-C1BE-4F6C-85F1-B78221230071}.Release|x64.Build.0 = Release|x64
		{27DDBCA5-C1BE-4F6C-85F1-B78221230071}.Release|x86.ActiveCfg = Release|Win32
		{27DDBCA5-C1BE-4F6C-85F1-B78221230071}.Release|x86.Build.0 = Release|Win32
		{18F629C4-3577-4BE9-AF53-7D505391C065}.Debug|x64.ActiveCfg = Debug|x64
		{18F629C4-3577-4BE9-AF53-7D505391C065}.Debug|x64.Build.0 = Debug|x64
		{18F629C4-3577-4BE9-AF53-7D505391C065}.Debug|x86.ActiveCfg = Debug|Win32
		{18F629C4-3577-4BE9-AF53-7D505391C065}.Debug|x86.Build.0 = Debug|Win32
		{18F629C4-3577-4BE9-AF53-7D505391C065}.Release|x64.ActiveCfg = Release|x64
		{18F629C4-3577-4BE9-AF53-7D505391C065}.Release|x64.Build.0 = Release|x64
		{18F629C4-3577-4BE9-AF53-7D505391C065}.Release|x86.ActiveCfg = Release|Win32
		{18F629C4-3577-4BE9-AF53-7D505391C065}.Release|x86.Build.0 = Release|Win32
		{D15A2345-2305-4F0C-A38A-7C4AEC459B8B}.Debug|x64.ActiveCfg = Debug|x64
		{D15A2345-2305-4F0C-A38A-7C4AEC459B8B}.Debug|x64.Build.0 = Debug|x64
		{D15A2345-2305-4F0C-A38A-7C4AEC459B8B}.Debug|x86.ActiveCfg = Debug|Win32
		{D15A2345-2305-4F0C-A38A-7C4AEC459B8B}.Debug|x86.Build.0 = Debug|Win32
		{D15A2345-2305-4F0C-A38A-7C4AEC459B8B}.Release|x64.ActiveCfg = Release|x64
		{D15A2345-2305-4F0C-A38A-7C4AEC459B8B}.Release|x64.Build.0 = Release|x64
		{D15A2345-2305-4F0C-A38A-7C4AEC459B8B}.Release|x86.ActiveCfg = Release|Win32
		{D15A2345-2305-4F0C-A38A-7C4AEC459B8B}.Release|x86.Build.0 = Release|Win32
		{B62C8F5C-702D-4740-B719-6995563A8654}.Debug|x64.ActiveCfg = Debug|x64
		{B62C8F5C-702D-4740-B719-6995563A8654}.Debug|x64.Build.0 = Debug|x64
		{B62C8F5C-702D-4740-B719-6995563A8654}.Debug|x86.ActiveCfg = Debug|Win32
		{B62C8F5C-702D-4740-B719-6995563A8654}.Debug|x86.Build.0 = Debug|Win32
		{B62C8F5C-702D-4740-B719-6995563A8654}.Release|x64.ActiveCfg = Release|x64
		{B62C8F5C-702D-4740-B719-6995563A8654}.Release|x64.Build.0 = Release|x64
		{B62C8F5C-702D-4740-B719-6995563A8654}.Release|x86.ActiveCfg = Release|Win32
		{B62C8F5C-702D-4740-B719-6995563A8654}.Release|x86.Build.0 = Release|Win32
		{FE5141CE-DEDB-4C87-AFB1-7B3DE7170034}.Debug|x64.ActiveCfg = Debug|x64
		{FE5141CE-DEDB-4C87-AFB1-7B3DE7170034}.Debug|x64.Build.0 = Debug|x64
		{FE5141CE-DEDB-4C87-AFB1-7B3DE7170034}.Debug|x86.ActiveCfg = Debug|Win32
		{FE5141CE-DEDB-4C87-AFB1-7B3DE7170034}.Debug|x86.Build.0 = Debug|Win32
		{FE5141CE-DEDB-4C87-AFB1-7B3DE7170034}.Release|x64.ActiveCfg = Release|x64
		{FE5141CE-DEDB-4C87-AFB1-7B3DE7170034}.Release|x64.Build.0 = Release|x64
		{FE5141CE-DEDB-4C87-AFB1-7B3DE7170034}.Release|x86.ActiveCfg = Release|Win32
		{FE5141CE-DEDB-4C87-AFB1-7B3DE7170034}.Release|x86.Build.0 = Release|Win32
		{8EE6010F-2866-401A-AC49-FD2D9D53E74E}.Debug|x64.ActiveCfg = Debug|x64
		{8EE6010F-2866-401A-AC49-FD2D9D53E74E}.Debug|x64.Build.0 = Debug|x64
		{8EE6010F-2866-401A-AC49-FD2D9D53E74E}.Debug|x86.ActiveCfg = Debug|Win32
		{8EE6010F-2866-401A-AC49-FD2D9D53E74E}.Debug|x86.Build.0 = Debug|Win32
		{8EE6010F-2866-401A-AC49-FD2D9D53E74E}.Release|x64.ActiveCfg = Release|x64
		{8EE6010F-2866-401A-AC49-FD2D9D53E74E}.Release|x64.Build.0 = Release|x64
		{8EE6010F-2866-401A-AC49-FD2D9D53E74E}.Release|x86.ActiveCfg = Release|Win32
		{8EE6010F-2866-401A-AC49-FD2D9D53E74E}.Release|x86.Build.0 = Release|Win32
	EndGlobalSection
	GlobalSection(SolutionProperties) = preSolution
		HideSolutionNode = FALSE
	EndGlobalSection
	GlobalSection(ExtensibilityGlobals) = postSolution
		SolutionGuid = {D1F6DBFD-1351-4FD2-915C-0F05D308528D}
	EndGlobalSection
EndGlobal
